// !$*UTF8*$!
{
	archiveVersion = 1;
	classes = {
	};
	objectVersion = 48;
	objects = {

/* Begin PBXBuildFile section */
		4E56B93F21116C3300417404 /* AppDelegate.swift in Sources */ = {isa = PBXBuildFile; fileRef = 4E56B93E21116C3300417404 /* AppDelegate.swift */; };
		4E56B94121116C3300417404 /* MasterViewController.swift in Sources */ = {isa = PBXBuildFile; fileRef = 4E56B94021116C3300417404 /* MasterViewController.swift */; };
		4E56B94321116C3300417404 /* DetailViewController.swift in Sources */ = {isa = PBXBuildFile; fileRef = 4E56B94221116C3300417404 /* DetailViewController.swift */; };
		4E56B94621116C3300417404 /* Main.storyboard in Resources */ = {isa = PBXBuildFile; fileRef = 4E56B94421116C3300417404 /* Main.storyboard */; };
		4E56B94821116C3400417404 /* Assets.xcassets in Resources */ = {isa = PBXBuildFile; fileRef = 4E56B94721116C3400417404 /* Assets.xcassets */; };
		4E56B94B21116C3400417404 /* LaunchScreen.storyboard in Resources */ = {isa = PBXBuildFile; fileRef = 4E56B94921116C3400417404 /* LaunchScreen.storyboard */; };
		4E56B95621116C3400417404 /* English___Turkish_DictionaryTests.swift in Sources */ = {isa = PBXBuildFile; fileRef = 4E56B95521116C3400417404 /* English___Turkish_DictionaryTests.swift */; };
		4E56B96421116D2F00417404 /* Extension.swift in Sources */ = {isa = PBXBuildFile; fileRef = 4E56B96321116D2F00417404 /* Extension.swift */; };
		4E56B96621116D5C00417404 /* SQLiteHelper.swift in Sources */ = {isa = PBXBuildFile; fileRef = 4E56B96521116D5C00417404 /* SQLiteHelper.swift */; };
		4E56B96821116D6900417404 /* engturkdict.sqlite in Resources */ = {isa = PBXBuildFile; fileRef = 4E56B96721116D6900417404 /* engturkdict.sqlite */; };
		4E56B96A21116D8F00417404 /* Word.swift in Sources */ = {isa = PBXBuildFile; fileRef = 4E56B96921116D8F00417404 /* Word.swift */; };
/* End PBXBuildFile section */

/* Begin PBXContainerItemProxy section */
		4E56B95221116C3400417404 /* PBXContainerItemProxy */ = {
			isa = PBXContainerItemProxy;
			containerPortal = 4E56B93321116C3300417404 /* Project object */;
			proxyType = 1;
			remoteGlobalIDString = 4E56B93A21116C3300417404;
			remoteInfo = "English - Turkish Dictionary";
		};
/* End PBXContainerItemProxy section */

/* Begin PBXFileReference section */
		4E56B93B21116C3300417404 /* English - Turkish Dictionary.app */ = {isa = PBXFileReference; explicitFileType = wrapper.application; includeInIndex = 0; path = "English - Turkish Dictionary.app"; sourceTree = BUILT_PRODUCTS_DIR; };
		4E56B93E21116C3300417404 /* AppDelegate.swift */ = {isa = PBXFileReference; lastKnownFileType = sourcecode.swift; path = AppDelegate.swift; sourceTree = "<group>"; };
		4E56B94021116C3300417404 /* MasterViewController.swift */ = {isa = PBXFileReference; lastKnownFileType = sourcecode.swift; path = MasterViewController.swift; sourceTree = "<group>"; };
		4E56B94221116C3300417404 /* DetailViewController.swift */ = {isa = PBXFileReference; lastKnownFileType = sourcecode.swift; path = DetailViewController.swift; sourceTree = "<group>"; };
		4E56B94521116C3300417404 /* Base */ = {isa = PBXFileReference; lastKnownFileType = file.storyboard; name = Base; path = Base.lproj/Main.storyboard; sourceTree = "<group>"; };
		4E56B94721116C3400417404 /* Assets.xcassets */ = {isa = PBXFileReference; lastKnownFileType = folder.assetcatalog; path = Assets.xcassets; sourceTree = "<group>"; };
		4E56B94A21116C3400417404 /* Base */ = {isa = PBXFileReference; lastKnownFileType = file.storyboard; name = Base; path = Base.lproj/LaunchScreen.storyboard; sourceTree = "<group>"; };
		4E56B94C21116C3400417404 /* Info.plist */ = {isa = PBXFileReference; lastKnownFileType = text.plist.xml; path = Info.plist; sourceTree = "<group>"; };
		4E56B95121116C3400417404 /* English - Turkish DictionaryTests.xctest */ = {isa = PBXFileReference; explicitFileType = wrapper.cfbundle; includeInIndex = 0; path = "English - Turkish DictionaryTests.xctest"; sourceTree = BUILT_PRODUCTS_DIR; };
		4E56B95521116C3400417404 /* English___Turkish_DictionaryTests.swift */ = {isa = PBXFileReference; lastKnownFileType = sourcecode.swift; path = "English___Turkish_DictionaryTests.swift"; sourceTree = "<group>"; };
		4E56B95721116C3400417404 /* Info.plist */ = {isa = PBXFileReference; lastKnownFileType = text.plist.xml; path = Info.plist; sourceTree = "<group>"; };
		4E56B96321116D2F00417404 /* Extension.swift */ = {isa = PBXFileReference; fileEncoding = 4; lastKnownFileType = sourcecode.swift; path = Extension.swift; sourceTree = "<group>"; };
		4E56B96521116D5C00417404 /* SQLiteHelper.swift */ = {isa = PBXFileReference; fileEncoding = 4; lastKnownFileType = sourcecode.swift; path = SQLiteHelper.swift; sourceTree = "<group>"; };
		4E56B96721116D6900417404 /* engturkdict.sqlite */ = {isa = PBXFileReference; lastKnownFileType = file; path = engturkdict.sqlite; sourceTree = "<group>"; };
		4E56B96921116D8F00417404 /* Word.swift */ = {isa = PBXFileReference; fileEncoding = 4; lastKnownFileType = sourcecode.swift; path = Word.swift; sourceTree = "<group>"; };
/* End PBXFileReference section */

/* Begin PBXFrameworksBuildPhase section */
		4E56B93821116C3300417404 /* Frameworks */ = {
			isa = PBXFrameworksBuildPhase;
			buildActionMask = 2147483647;
			files = (
			);
			runOnlyForDeploymentPostprocessing = 0;
		};
		4E56B94E21116C3400417404 /* Frameworks */ = {
			isa = PBXFrameworksBuildPhase;
			buildActionMask = 2147483647;
			files = (
			);
			runOnlyForDeploymentPostprocessing = 0;
		};
/* End PBXFrameworksBuildPhase section */

/* Begin PBXGroup section */
		4E56B93221116C3300417404 = {
			isa = PBXGroup;
			children = (
				4E56B93D21116C3300417404 /* English - Turkish Dictionary */,
				4E56B95421116C3400417404 /* English - Turkish DictionaryTests */,
				4E56B93C21116C3300417404 /* Products */,
			);
			sourceTree = "<group>";
		};
		4E56B93C21116C3300417404 /* Products */ = {
			isa = PBXGroup;
			children = (
				4E56B93B21116C3300417404 /* English - Turkish Dictionary.app */,
				4E56B95121116C3400417404 /* English - Turkish DictionaryTests.xctest */,
			);
			name = Products;
			sourceTree = "<group>";
		};
		4E56B93D21116C3300417404 /* English - Turkish Dictionary */ = {
			isa = PBXGroup;
			children = (
				4E56B93E21116C3300417404 /* AppDelegate.swift */,
				4E56B96C211170E100417404 /* Controllers */,
				4E56B96221116D2F00417404 /* Extension */,
				4E56B96B21116D9D00417404 /* Modal */,
				4E56B94421116C3300417404 /* Main.storyboard */,
				4E56B94721116C3400417404 /* Assets.xcassets */,
				4E56B96721116D6900417404 /* engturkdict.sqlite */,
				4E56B94921116C3400417404 /* LaunchScreen.storyboard */,
				4E56B94C21116C3400417404 /* Info.plist */,
			);
			path = "English - Turkish Dictionary";
			sourceTree = "<group>";
		};
		4E56B95421116C3400417404 /* English - Turkish DictionaryTests */ = {
			isa = PBXGroup;
			children = (
				4E56B95521116C3400417404 /* English___Turkish_DictionaryTests.swift */,
				4E56B95721116C3400417404 /* Info.plist */,
			);
			path = "English - Turkish DictionaryTests";
			sourceTree = "<group>";
		};
		4E56B96221116D2F00417404 /* Extension */ = {
			isa = PBXGroup;
			children = (
				4E56B96321116D2F00417404 /* Extension.swift */,
			);
			path = Extension;
			sourceTree = "<group>";
		};
		4E56B96B21116D9D00417404 /* Modal */ = {
			isa = PBXGroup;
			children = (
				4E56B96921116D8F00417404 /* Word.swift */,
				4E56B96521116D5C00417404 /* SQLiteHelper.swift */,
			);
			path = Modal;
			sourceTree = "<group>";
		};
		4E56B96C211170E100417404 /* Controllers */ = {
			isa = PBXGroup;
			children = (
				4E56B94021116C3300417404 /* MasterViewController.swift */,
				4E56B94221116C3300417404 /* DetailViewController.swift */,
			);
			path = Controllers;
			sourceTree = "<group>";
		};
/* End PBXGroup section */

/* Begin PBXNativeTarget section */
		4E56B93A21116C3300417404 /* English - Turkish Dictionary */ = {
			isa = PBXNativeTarget;
			buildConfigurationList = 4E56B95A21116C3400417404 /* Build configuration list for PBXNativeTarget "English - Turkish Dictionary" */;
			buildPhases = (
				4E56B93721116C3300417404 /* Sources */,
				4E56B93821116C3300417404 /* Frameworks */,
				4E56B93921116C3300417404 /* Resources */,
			);
			buildRules = (
			);
			dependencies = (
			);
			name = "English - Turkish Dictionary";
			productName = "English - Turkish Dictionary";
			productReference = 4E56B93B21116C3300417404 /* English - Turkish Dictionary.app */;
			productType = "com.apple.product-type.application";
		};
		4E56B95021116C3400417404 /* English - Turkish DictionaryTests */ = {
			isa = PBXNativeTarget;
			buildConfigurationList = 4E56B95D21116C3400417404 /* Build configuration list for PBXNativeTarget "English - Turkish DictionaryTests" */;
			buildPhases = (
				4E56B94D21116C3400417404 /* Sources */,
				4E56B94E21116C3400417404 /* Frameworks */,
				4E56B94F21116C3400417404 /* Resources */,
			);
			buildRules = (
			);
			dependencies = (
				4E56B95321116C3400417404 /* PBXTargetDependency */,
			);
			name = "English - Turkish DictionaryTests";
			productName = "English - Turkish DictionaryTests";
			productReference = 4E56B95121116C3400417404 /* English - Turkish DictionaryTests.xctest */;
			productType = "com.apple.product-type.bundle.unit-test";
		};
/* End PBXNativeTarget section */

/* Begin PBXProject section */
		4E56B93321116C3300417404 /* Project object */ = {
			isa = PBXProject;
			attributes = {
				LastSwiftUpdateCheck = 0900;
				LastUpgradeCheck = 0900;
				ORGANIZATIONNAME = quoccuong;
				TargetAttributes = {
					4E56B93A21116C3300417404 = {
						CreatedOnToolsVersion = 9.0;
						ProvisioningStyle = Automatic;
					};
					4E56B95021116C3400417404 = {
						CreatedOnToolsVersion = 9.0;
						ProvisioningStyle = Automatic;
						TestTargetID = 4E56B93A21116C3300417404;
					};
				};
			};
			buildConfigurationList = 4E56B93621116C3300417404 /* Build configuration list for PBXProject "English - Turkish Dictionary" */;
			compatibilityVersion = "Xcode 8.0";
			developmentRegion = en;
			hasScannedForEncodings = 0;
			knownRegions = (
				en,
				Base,
			);
			mainGroup = 4E56B93221116C3300417404;
			productRefGroup = 4E56B93C21116C3300417404 /* Products */;
			projectDirPath = "";
			projectRoot = "";
			targets = (
				4E56B93A21116C3300417404 /* English - Turkish Dictionary */,
				4E56B95021116C3400417404 /* English - Turkish DictionaryTests */,
			);
		};
/* End PBXProject section */

/* Begin PBXResourcesBuildPhase section */
		4E56B93921116C3300417404 /* Resources */ = {
			isa = PBXResourcesBuildPhase;
			buildActionMask = 2147483647;
			files = (
				4E56B94B21116C3400417404 /* LaunchScreen.storyboard in Resources */,
				4E56B94821116C3400417404 /* Assets.xcassets in Resources */,
				4E56B96821116D6900417404 /* engturkdict.sqlite in Resources */,
				4E56B94621116C3300417404 /* Main.storyboard in Resources */,
			);
			runOnlyForDeploymentPostprocessing = 0;
		};
		4E56B94F21116C3400417404 /* Resources */ = {
			isa = PBXResourcesBuildPhase;
			buildActionMask = 2147483647;
			files = (
			);
			runOnlyForDeploymentPostprocessing = 0;
		};
/* End PBXResourcesBuildPhase section */

/* Begin PBXSourcesBuildPhase section */
		4E56B93721116C3300417404 /* Sources */ = {
			isa = PBXSourcesBuildPhase;
			buildActionMask = 2147483647;
			files = (
				4E56B96621116D5C00417404 /* SQLiteHelper.swift in Sources */,
				4E56B94321116C3300417404 /* DetailViewController.swift in Sources */,
				4E56B94121116C3300417404 /* MasterViewController.swift in Sources */,
				4E56B93F21116C3300417404 /* AppDelegate.swift in Sources */,
				4E56B96421116D2F00417404 /* Extension.swift in Sources */,
				4E56B96A21116D8F00417404 /* Word.swift in Sources */,
			);
			runOnlyForDeploymentPostprocessing = 0;
		};
		4E56B94D21116C3400417404 /* Sources */ = {
			isa = PBXSourcesBuildPhase;
			buildActionMask = 2147483647;
			files = (
				4E56B95621116C3400417404 /* English___Turkish_DictionaryTests.swift in Sources */,
			);
			runOnlyForDeploymentPostprocessing = 0;
		};
/* End PBXSourcesBuildPhase section */

/* Begin PBXTargetDependency section */
		4E56B95321116C3400417404 /* PBXTargetDependency */ = {
			isa = PBXTargetDependency;
			target = 4E56B93A21116C3300417404 /* English - Turkish Dictionary */;
			targetProxy = 4E56B95221116C3400417404 /* PBXContainerItemProxy */;
		};
/* End PBXTargetDependency section */

/* Begin PBXVariantGroup section */
		4E56B94421116C3300417404 /* Main.storyboard */ = {
			isa = PBXVariantGroup;
			children = (
				4E56B94521116C3300417404 /* Base */,
			);
			name = Main.storyboard;
			sourceTree = "<group>";
		};
		4E56B94921116C3400417404 /* LaunchScreen.storyboard */ = {
			isa = PBXVariantGroup;
			children = (
				4E56B94A21116C3400417404 /* Base */,
			);
			name = LaunchScreen.storyboard;
			sourceTree = "<group>";
		};
/* End PBXVariantGroup section */

/* Begin XCBuildConfiguration section */
		4E56B95821116C3400417404 /* Debug */ = {
			isa = XCBuildConfiguration;
			buildSettings = {
				ALWAYS_SEARCH_USER_PATHS = NO;
				CLANG_ANALYZER_NONNULL = YES;
				CLANG_ANALYZER_NUMBER_OBJECT_CONVERSION = YES_AGGRESSIVE;
				CLANG_CXX_LANGUAGE_STANDARD = "gnu++14";
				CLANG_CXX_LIBRARY = "libc++";
				CLANG_ENABLE_MODULES = YES;
				CLANG_ENABLE_OBJC_ARC = YES;
				CLANG_WARN_BLOCK_CAPTURE_AUTORELEASING = YES;
				CLANG_WARN_BOOL_CONVERSION = YES;
				CLANG_WARN_COMMA = YES;
				CLANG_WARN_CONSTANT_CONVERSION = YES;
				CLANG_WARN_DIRECT_OBJC_ISA_USAGE = YES_ERROR;
				CLANG_WARN_DOCUMENTATION_COMMENTS = YES;
				CLANG_WARN_EMPTY_BODY = YES;
				CLANG_WARN_ENUM_CONVERSION = YES;
				CLANG_WARN_INFINITE_RECURSION = YES;
				CLANG_WARN_INT_CONVERSION = YES;
				CLANG_WARN_NON_LITERAL_NULL_CONVERSION = YES;
				CLANG_WARN_OBJC_LITERAL_CONVERSION = YES;
				CLANG_WARN_OBJC_ROOT_CLASS = YES_ERROR;
				CLANG_WARN_RANGE_LOOP_ANALYSIS = YES;
				CLANG_WARN_STRICT_PROTOTYPES = YES;
				CLANG_WARN_SUSPICIOUS_MOVE = YES;
				CLANG_WARN_UNGUARDED_AVAILABILITY = YES_AGGRESSIVE;
				CLANG_WARN_UNREACHABLE_CODE = YES;
				CLANG_WARN__DUPLICATE_METHOD_MATCH = YES;
				CODE_SIGN_IDENTITY = "iPhone Developer";
				COPY_PHASE_STRIP = NO;
				DEBUG_INFORMATION_FORMAT = dwarf;
				ENABLE_STRICT_OBJC_MSGSEND = YES;
				ENABLE_TESTABILITY = YES;
				GCC_C_LANGUAGE_STANDARD = gnu11;
				GCC_DYNAMIC_NO_PIC = NO;
				GCC_NO_COMMON_BLOCKS = YES;
				GCC_OPTIMIZATION_LEVEL = 0;
				GCC_PREPROCESSOR_DEFINITIONS = (
					"DEBUG=1",
					"$(inherited)",
				);
				GCC_WARN_64_TO_32_BIT_CONVERSION = YES;
				GCC_WARN_ABOUT_RETURN_TYPE = YES_ERROR;
				GCC_WARN_UNDECLARED_SELECTOR = YES;
				GCC_WARN_UNINITIALIZED_AUTOS = YES_AGGRESSIVE;
				GCC_WARN_UNUSED_FUNCTION = YES;
				GCC_WARN_UNUSED_VARIABLE = YES;
				IPHONEOS_DEPLOYMENT_TARGET = 11.0;
				MTL_ENABLE_DEBUG_INFO = YES;
				ONLY_ACTIVE_ARCH = YES;
				SDKROOT = iphoneos;
				SWIFT_ACTIVE_COMPILATION_CONDITIONS = DEBUG;
				SWIFT_OPTIMIZATION_LEVEL = "-Onone";
			};
			name = Debug;
		};
		4E56B95921116C3400417404 /* Release */ = {
			isa = XCBuildConfiguration;
			buildSettings = {
				ALWAYS_SEARCH_USER_PATHS = NO;
				CLANG_ANALYZER_NONNULL = YES;
				CLANG_ANALYZER_NUMBER_OBJECT_CONVERSION = YES_AGGRESSIVE;
				CLANG_CXX_LANGUAGE_STANDARD = "gnu++14";
				CLANG_CXX_LIBRARY = "libc++";
				CLANG_ENABLE_MODULES = YES;
				CLANG_ENABLE_OBJC_ARC = YES;
				CLANG_WARN_BLOCK_CAPTURE_AUTORELEASING = YES;
				CLANG_WARN_BOOL_CONVERSION = YES;
				CLANG_WARN_COMMA = YES;
				CLANG_WARN_CONSTANT_CONVERSION = YES;
				CLANG_WARN_DIRECT_OBJC_ISA_USAGE = YES_ERROR;
				CLANG_WARN_DOCUMENTATION_COMMENTS = YES;
				CLANG_WARN_EMPTY_BODY = YES;
				CLANG_WARN_ENUM_CONVERSION = YES;
				CLANG_WARN_INFINITE_RECURSION = YES;
				CLANG_WARN_INT_CONVERSION = YES;
				CLANG_WARN_NON_LITERAL_NULL_CONVERSION = YES;
				CLANG_WARN_OBJC_LITERAL_CONVERSION = YES;
				CLANG_WARN_OBJC_ROOT_CLASS = YES_ERROR;
				CLANG_WARN_RANGE_LOOP_ANALYSIS = YES;
				CLANG_WARN_STRICT_PROTOTYPES = YES;
				CLANG_WARN_SUSPICIOUS_MOVE = YES;
				CLANG_WARN_UNGUARDED_AVAILABILITY = YES_AGGRESSIVE;
				CLANG_WARN_UNREACHABLE_CODE = YES;
				CLANG_WARN__DUPLICATE_METHOD_MATCH = YES;
				CODE_SIGN_IDENTITY = "iPhone Developer";
				COPY_PHASE_STRIP = NO;
				DEBUG_INFORMATION_FORMAT = "dwarf-with-dsym";
				ENABLE_NS_ASSERTIONS = NO;
				ENABLE_STRICT_OBJC_MSGSEND = YES;
				GCC_C_LANGUAGE_STANDARD = gnu11;
				GCC_NO_COMMON_BLOCKS = YES;
				GCC_WARN_64_TO_32_BIT_CONVERSION = YES;
				GCC_WARN_ABOUT_RETURN_TYPE = YES_ERROR;
				GCC_WARN_UNDECLARED_SELECTOR = YES;
				GCC_WARN_UNINITIALIZED_AUTOS = YES_AGGRESSIVE;
				GCC_WARN_UNUSED_FUNCTION = YES;
				GCC_WARN_UNUSED_VARIABLE = YES;
				IPHONEOS_DEPLOYMENT_TARGET = 11.0;
				MTL_ENABLE_DEBUG_INFO = NO;
				SDKROOT = iphoneos;
				SWIFT_OPTIMIZATION_LEVEL = "-Owholemodule";
				VALIDATE_PRODUCT = YES;
			};
			name = Release;
		};
		4E56B95B21116C3400417404 /* Debug */ = {
			isa = XCBuildConfiguration;
			buildSettings = {
				ASSETCATALOG_COMPILER_APPICON_NAME = AppIcon;
				CODE_SIGN_STYLE = Automatic;
				DEVELOPMENT_TEAM = N4YXZ25XGE;
				INFOPLIST_FILE = "English - Turkish Dictionary/Info.plist";
				LD_RUNPATH_SEARCH_PATHS = "$(inherited) @executable_path/Frameworks";
				PRODUCT_BUNDLE_IDENTIFIER = "com.quoccuong.English---Turkish-Dictionary";
				PRODUCT_NAME = "$(TARGET_NAME)";
				SWIFT_VERSION = 4.0;
				TARGETED_DEVICE_FAMILY = "1,2";
			};
			name = Debug;
		};
		4E56B95C21116C3400417404 /* Release */ = {
			isa = XCBuildConfiguration;
			buildSettings = {
				ASSETCATALOG_COMPILER_APPICON_NAME = AppIcon;
				CODE_SIGN_STYLE = Automatic;
				DEVELOPMENT_TEAM = N4YXZ25XGE;
				INFOPLIST_FILE = "English - Turkish Dictionary/Info.plist";
				LD_RUNPATH_SEARCH_PATHS = "$(inherited) @executable_path/Frameworks";
				PRODUCT_BUNDLE_IDENTIFIER = "com.quoccuong.English---Turkish-Dictionary";
				PRODUCT_NAME = "$(TARGET_NAME)";
				SWIFT_VERSION = 4.0;
				TARGETED_DEVICE_FAMILY = "1,2";
			};
			name = Release;
		};
		4E56B95E21116C3400417404 /* Debug */ = {
			isa = XCBuildConfiguration;
			buildSettings = {
				ALWAYS_EMBED_SWIFT_STANDARD_LIBRARIES = YES;
				BUNDLE_LOADER = "$(TEST_HOST)";
				CODE_SIGN_STYLE = Automatic;
				DEVELOPMENT_TEAM = N4YXZ25XGE;
				INFOPLIST_FILE = "English - Turkish DictionaryTests/Info.plist";
				LD_RUNPATH_SEARCH_PATHS = "$(inherited) @executable_path/Frameworks @loader_path/Frameworks";
				PRODUCT_BUNDLE_IDENTIFIER = "com.quoccuong.English---Turkish-DictionaryTests";
				PRODUCT_NAME = "$(TARGET_NAME)";
				SWIFT_VERSION = 4.0;
				TARGETED_DEVICE_FAMILY = "1,2";
				TEST_HOST = "$(BUILT_PRODUCTS_DIR)/English - Turkish Dictionary.app/English - Turkish Dictionary";
			};
			name = Debug;
		};
		4E56B95F21116C3400417404 /* Release */ = {
			isa = XCBuildConfiguration;
			buildSettings = {
				ALWAYS_EMBED_SWIFT_STANDARD_LIBRARIES = YES;
				BUNDLE_LOADER = "$(TEST_HOST)";
				CODE_SIGN_STYLE = Automatic;
				DEVELOPMENT_TEAM = N4YXZ25XGE;
				INFOPLIST_FILE = "English - Turkish DictionaryTests/Info.plist";
				LD_RUNPATH_SEARCH_PATHS = "$(inherited) @executable_path/Frameworks @loader_path/Frameworks";
				PRODUCT_BUNDLE_IDENTIFIER = "com.quoccuong.English---Turkish-DictionaryTests";
				PRODUCT_NAME = "$(TARGET_NAME)";
				SWIFT_VERSION = 4.0;
				TARGETED_DEVICE_FAMILY = "1,2";
				TEST_HOST = "$(BUILT_PRODUCTS_DIR)/English - Turkish Dictionary.app/English - Turkish Dictionary";
			};
			name = Release;
		};
/* End XCBuildConfiguration section */

/* Begin XCConfigurationList section */
		4E56B93621116C3300417404 /* Build configuration list for PBXProject "English - Turkish Dictionary" */ = {
			isa = XCConfigurationList;
			buildConfigurations = (
				4E56B95821116C3400417404 /* Debug */,
				4E56B95921116C3400417404 /* Release */,
			);
			defaultConfigurationIsVisible = 0;
			defaultConfigurationName = Release;
		};
		4E56B95A21116C3400417404 /* Build configuration list for PBXNativeTarget "English - Turkish Dictionary" */ = {
			isa = XCConfigurationList;
			buildConfigurations = (
				4E56B95B21116C3400417404 /* Debug */,
				4E56B95C21116C3400417404 /* Release */,
			);
			defaultConfigurationIsVisible = 0;
			defaultConfigurationName = Release;
		};
		4E56B95D21116C3400417404 /* Build configuration list for PBXNativeTarget "English - Turkish DictionaryTests" */ = {
			isa = XCConfigurationList;
			buildConfigurations = (
				4E56B95E21116C3400417404 /* Debug */,
				4E56B95F21116C3400417404 /* Release */,
			);
			defaultConfigurationIsVisible = 0;
			defaultConfigurationName = Release;
		};
/* End XCConfigurationList section */
	};
	rootObject = 4E56B93321116C3300417404 /* Project object */;
}
